
Microsoft Visual Studio Solution File, Format Version 12.00
# Visual Studio Version 17
VisualStudioVersion = 17.9.34728.123
MinimumVisualStudioVersion = 10.0.40219.1
Project("{FAE04EC0-301F-11D3-BF4B-00C04F79EFBC}") = "ImportBatchClientApp", "ImportBatchClientApp\ImportBatchClientApp.csproj", "{D0B618EF-9B6F-4FE2-9B85-BD151A5CFBBA}"
EndProject
Global
	GlobalSection(SolutionConfigurationPlatforms) = preSolution
		Debug|Any CPU = Debug|Any CPU
		Release|Any CPU = Release|Any CPU
	EndGlobalSection
	GlobalSection(ProjectConfigurationPlatforms) = postSolution
		{D0B618EF-9B6F-4FE2-9B85-BD151A5CFBBA}.Debug|Any CPU.ActiveCfg = Debug|Any CPU
		{D0B618EF-9B6F-4FE2-9B85-BD151A5CFBBA}.Debug|Any CPU.Build.0 = Debug|Any CPU
		{D0B618EF-9B6F-4FE2-9B85-BD151A5CFBBA}.Release|Any CPU.ActiveCfg = Release|Any CPU
		{D0B618EF-9B6F-4FE2-9B85-BD151A5CFBBA}.Release|Any CPU.Build.0 = Release|Any CPU
	EndGlobalSection
	GlobalSection(SolutionProperties) = preSolution
		HideSolutionNode = FALSE
	EndGlobalSection
	GlobalSection(ExtensibilityGlobals) = postSolution
		SolutionGuid = {74F6532E-CC56-404B-B482-1F2C2FCA38D4}
	EndGlobalSection
EndGlobal
